# THIS IS AN AUTOGENERATED FILE. DO NOT EDIT THIS FILE DIRECTLY.
# yarn lockfile v1


"@types/big.js@6.1.1":
  version "6.1.1"
  resolved "https://registry.yarnpkg.com/@types/big.js/-/big.js-6.1.1.tgz#c2be5e81e0cf0c1c31704e3b12f750712f647414"
  integrity sha512-Zns+nT0hj96ie+GDbL5NeHxhL4wNz8QMxCHqBvxgc4x0hhgQ/o92rPwqxvPBhY3ZYnH8TJGw/8oCkjhOy2Rfzw==

big.js@6.1.1:
  version "6.1.1"
  resolved "https://registry.yarnpkg.com/big.js/-/big.js-6.1.1.tgz#63b35b19dc9775c94991ee5db7694880655d5537"
  integrity sha512-1vObw81a8ylZO5ePrtMay0n018TcftpTA5HFKDaSuiUDBo8biRBtjIobw60OpwuvrGk+FsxKamqN4cnmj/eXdg==

esbuild@0.12.18:
  version "0.12.18"
  resolved "https://registry.yarnpkg.com/esbuild/-/esbuild-0.12.18.tgz#e5db16372188c2b4d395f7f55fdade27f6a119fa"
  integrity sha512-arWhBQSy+oiBAp8VRRCFvAU+3jyf0gGacABLO3haMHboXCDjzq4WUqyQklst2XRuFS8MXgap+9uvODqj9Iygpg==

typescript@4.3.5:
  version "4.3.5"
  resolved "https://registry.yarnpkg.com/typescript/-/typescript-4.3.5.tgz#4d1c37cc16e893973c45a06886b7113234f119f4"
  integrity sha512-DqQgihaQ9cUrskJo9kIyW/+g0Vxsk8cDtZ52a3NGh0YNTfpUSArXSohyUGnvbPazEPLu398C0UxmKSOrPumUzA==
